
Microsoft Visual Studio Solution File, Format Version 12.00
# Visual Studio Version 16
VisualStudioVersion = 16.0.30011.22
MinimumVisualStudioVersion = 10.0.40219.1
Project("{FAE04EC0-301F-11D3-BF4B-00C04F79EFBC}") = "WeatherApplication", "WeatherApplication\WeatherApplication.csproj", "{B12CE988-B610-4591-8793-A65063BB3BC0}"
EndProject
Global
	GlobalSection(SolutionConfigurationPlatforms) = preSolution
		Debug|Any CPU = Debug|Any CPU
		Release|Any CPU = Release|Any CPU
	EndGlobalSection
	GlobalSection(ProjectConfigurationPlatforms) = postSolution
		{B12CE988-B610-4591-8793-A65063BB3BC0}.Debug|Any CPU.ActiveCfg = Debug|Any CPU
		{B12CE988-B610-4591-8793-A65063BB3BC0}.Debug|Any CPU.Build.0 = Debug|Any CPU
		{B12CE988-B610-4591-8793-A65063BB3BC0}.Release|Any CPU.ActiveCfg = Release|Any CPU
		{B12CE988-B610-4591-8793-A65063BB3BC0}.Release|Any CPU.Build.0 = Release|Any CPU
	EndGlobalSection
	GlobalSection(SolutionProperties) = preSolution
		HideSolutionNode = FALSE
	EndGlobalSection
	GlobalSection(ExtensibilityGlobals) = postSolution
		SolutionGuid = {BBA58B63-40AB-46DE-B8B6-BA6D3ECAEA7E}
	EndGlobalSection
EndGlobal
